
Microsoft Visual Studio Solution File, Format Version 12.00
# Visual Studio Version 16
VisualStudioVersion = 16.0.30503.244
MinimumVisualStudioVersion = 10.0.40219.1
Project("{FAE04EC0-301F-11D3-BF4B-00C04F79EFBC}") = "UserAuthentication", "UserAuthentication\UserAuthentication.csproj", "{C758838B-1FF3-418C-BAA6-63DCF02641B5}"
EndProject
Global
	GlobalSection(SolutionConfigurationPlatforms) = preSolution
		Debug|Any CPU = Debug|Any CPU
		Release|Any CPU = Release|Any CPU
	EndGlobalSection
	GlobalSection(ProjectConfigurationPlatforms) = postSolution
		{C758838B-1FF3-418C-BAA6-63DCF02641B5}.Debug|Any CPU.ActiveCfg = Debug|Any CPU
		{C758838B-1FF3-418C-BAA6-63DCF02641B5}.Debug|Any CPU.Build.0 = Debug|Any CPU
		{C758838B-1FF3-418C-BAA6-63DCF02641B5}.Release|Any CPU.ActiveCfg = Release|Any CPU
		{C758838B-1FF3-418C-BAA6-63DCF02641B5}.Release|Any CPU.Build.0 = Release|Any CPU
	EndGlobalSection
	GlobalSection(SolutionProperties) = preSolution
		HideSolutionNode = FALSE
	EndGlobalSection
	GlobalSection(ExtensibilityGlobals) = postSolution
		SolutionGuid = {FFB1C564-829A-4BCB-A8B8-2C412E23B0AA}
	EndGlobalSection
EndGlobal
